{
  "name": "TS",
  "version": "1.0.0",
  "lockfileVersion": 1,
  "requires": true,
  "dependencies": {
    "@types/baidumap-web-sdk": {
      "version": "0.0.6",
      "resolved": "https://registry.npmjs.org/@types/baidumap-web-sdk/-/baidumap-web-sdk-0.0.6.tgz",
      "integrity": "sha512-UcVTB1HUSNyjtGAy24F43RR+G7ZHVG2Phj3KXIzgpQ6o8DFhq9b/cnxd2KrGBjNmSkRBoAZtJoXE+7CBz88kVA=="
    },
    "@types/faker": {
      "version": "6.6.9",
      "requires": {
        "faker": "*"
      },
      "dependencies": {
        "faker": {
          "version": "5.5.3",
          "resolved": "https://registry.npmjs.org/faker/-/faker-5.5.3.tgz",
          "integrity": "sha512-wLTv2a28wjUyWkbnX7u/ABZBkUkIF2fCd73V6P2oFqEGEktDfzWx4UxrSqtPRw0xPRAcjeAOIiJWqZm3pP4u3g=="
        }
      }
    },
    "axios": {
      "version": "0.25.0",
      "requires": {
        "follow-redirects": "^1.14.7"
      }
    },
    "follow-redirects": {
      "version": "1.14.7",
      "resolved": "https://registry.npmjs.org/follow-redirects/-/follow-redirects-1.14.7.tgz",
      "integrity": "sha512-+hbxoLbFMbRKDwohX8GkTataGqO6Jb7jGwpAlwgy2bIz25XtRm7KEzJM76R1WiNT5SwZkX4Y75SwBolkpmE7iQ=="
    },
    "typescript": {
      "version": "4.5.5",
      "dev": true
    }
  }
}
